
Microsoft Visual Studio Solution File, Format Version 12.00
# Visual Studio 15
VisualStudioVersion = 15.0.28307.852
MinimumVisualStudioVersion = 10.0.40219.1
Project("{FAE04EC0-301F-11D3-BF4B-00C04F79EFBC}") = "LupiRoland_TimeTrackerApp", "LupiRoland_TimeTrackerApp\LupiRoland_TimeTrackerApp.csproj", "{F8835025-3B0A-4004-A3E5-67D422DD5AE4}"
EndProject
Global
	GlobalSection(SolutionConfigurationPlatforms) = preSolution
		Debug|Any CPU = Debug|Any CPU
		Release|Any CPU = Release|Any CPU
	EndGlobalSection
	GlobalSection(ProjectConfigurationPlatforms) = postSolution
		{F8835025-3B0A-4004-A3E5-67D422DD5AE4}.Debug|Any CPU.ActiveCfg = Debug|Any CPU
		{F8835025-3B0A-4004-A3E5-67D422DD5AE4}.Debug|Any CPU.Build.0 = Debug|Any CPU
		{F8835025-3B0A-4004-A3E5-67D422DD5AE4}.Release|Any CPU.ActiveCfg = Release|Any CPU
		{F8835025-3B0A-4004-A3E5-67D422DD5AE4}.Release|Any CPU.Build.0 = Release|Any CPU
	EndGlobalSection
	GlobalSection(SolutionProperties) = preSolution
		HideSolutionNode = FALSE
	EndGlobalSection
	GlobalSection(ExtensibilityGlobals) = postSolution
		SolutionGuid = {6EE44E83-4021-429B-B276-9F61919215D8}
	EndGlobalSection
EndGlobal
